
Microsoft Visual Studio Solution File, Format Version 12.00
# Visual Studio Version 17
VisualStudioVersion = 17.14.36109.1 d17.14
MinimumVisualStudioVersion = 10.0.40219.1
Project("{FAE04EC0-301F-11D3-BF4B-00C04F79EFBC}") = "Devops", "Devops.csproj", "{5FC3F267-7CCD-43A7-B7FC-6684BBFC3466}"
EndProject
Global
	GlobalSection(SolutionConfigurationPlatforms) = preSolution
		Debug|Any CPU = Debug|Any CPU
		Release|Any CPU = Release|Any CPU
	EndGlobalSection
	GlobalSection(ProjectConfigurationPlatforms) = postSolution
		{5FC3F267-7CCD-43A7-B7FC-6684BBFC3466}.Debug|Any CPU.ActiveCfg = Debug|Any CPU
		{5FC3F267-7CCD-43A7-B7FC-6684BBFC3466}.Debug|Any CPU.Build.0 = Debug|Any CPU
		{5FC3F267-7CCD-43A7-B7FC-6684BBFC3466}.Release|Any CPU.ActiveCfg = Release|Any CPU
		{5FC3F267-7CCD-43A7-B7FC-6684BBFC3466}.Release|Any CPU.Build.0 = Release|Any CPU
	EndGlobalSection
	GlobalSection(SolutionProperties) = preSolution
		HideSolutionNode = FALSE
	EndGlobalSection
	GlobalSection(ExtensibilityGlobals) = postSolution
		SolutionGuid = {037B9904-0E69-49B6-AF8A-25E7B4279695}
	EndGlobalSection
EndGlobal
